
Microsoft Visual Studio Solution File, Format Version 12.00
# Visual Studio Version 16
VisualStudioVersion = 25.0.1704.1
MinimumVisualStudioVersion = 10.0.40219.1
Project("{FAE04EC0-301F-11D3-BF4B-00C04F79EFBC}") = "RazorPizzeria", "RazorPizzeria\RazorPizzeria.csproj", "{C1813C57-7087-4CDA-B0FE-477A84B1C24B}"
EndProject
Global
	GlobalSection(SolutionConfigurationPlatforms) = preSolution
		Debug|Any CPU = Debug|Any CPU
		Release|Any CPU = Release|Any CPU
	EndGlobalSection
	GlobalSection(ProjectConfigurationPlatforms) = postSolution
		{C1813C57-7087-4CDA-B0FE-477A84B1C24B}.Debug|Any CPU.ActiveCfg = Debug|Any CPU
		{C1813C57-7087-4CDA-B0FE-477A84B1C24B}.Debug|Any CPU.Build.0 = Debug|Any CPU
		{C1813C57-7087-4CDA-B0FE-477A84B1C24B}.Release|Any CPU.ActiveCfg = Release|Any CPU
		{C1813C57-7087-4CDA-B0FE-477A84B1C24B}.Release|Any CPU.Build.0 = Release|Any CPU
	EndGlobalSection
	GlobalSection(SolutionProperties) = preSolution
		HideSolutionNode = FALSE
	EndGlobalSection
	GlobalSection(ExtensibilityGlobals) = postSolution
		SolutionGuid = {4710B14F-419C-49C2-AEEF-10CAFEBE199F}
	EndGlobalSection
EndGlobal
